
Microsoft Visual Studio Solution File, Format Version 12.00
# Visual Studio 14
VisualStudioVersion = 14.0.25420.1
MinimumVisualStudioVersion = 10.0.40219.1
Project("{FAE04EC0-301F-11D3-BF4B-00C04F79EFBC}") = "DZ.Linqpad.Utils", "DZ.Linqpad.Utils\DZ.Linqpad.Utils.csproj", "{DA15632D-9C52-4030-9165-DF5B19DD40E7}"
EndProject
Project("{FAE04EC0-301F-11D3-BF4B-00C04F79EFBC}") = "DZ.Linqpad.Utils.Tests", "DZ.Linqpad.Utils.Tests\DZ.Linqpad.Utils.Tests.csproj", "{BB63C72A-1290-4AC7-8878-DBDEAF767112}"
EndProject
Global
	GlobalSection(SolutionConfigurationPlatforms) = preSolution
		Debug|Any CPU = Debug|Any CPU
		Release|Any CPU = Release|Any CPU
	EndGlobalSection
	GlobalSection(ProjectConfigurationPlatforms) = postSolution
		{DA15632D-9C52-4030-9165-DF5B19DD40E7}.Debug|Any CPU.ActiveCfg = Debug|Any CPU
		{DA15632D-9C52-4030-9165-DF5B19DD40E7}.Debug|Any CPU.Build.0 = Debug|Any CPU
		{DA15632D-9C52-4030-9165-DF5B19DD40E7}.Release|Any CPU.ActiveCfg = Release|Any CPU
		{DA15632D-9C52-4030-9165-DF5B19DD40E7}.Release|Any CPU.Build.0 = Release|Any CPU
		{BB63C72A-1290-4AC7-8878-DBDEAF767112}.Debug|Any CPU.ActiveCfg = Debug|Any CPU
		{BB63C72A-1290-4AC7-8878-DBDEAF767112}.Debug|Any CPU.Build.0 = Debug|Any CPU
		{BB63C72A-1290-4AC7-8878-DBDEAF767112}.Release|Any CPU.ActiveCfg = Release|Any CPU
		{BB63C72A-1290-4AC7-8878-DBDEAF767112}.Release|Any CPU.Build.0 = Release|Any CPU
	EndGlobalSection
	GlobalSection(SolutionProperties) = preSolution
		HideSolutionNode = FALSE
	EndGlobalSection
EndGlobal
